
Microsoft Visual Studio Solution File, Format Version 12.00
# Visual Studio Version 17
VisualStudioVersion = 17.4.33213.308
MinimumVisualStudioVersion = 10.0.40219.1
Project("{FAE04EC0-301F-11D3-BF4B-00C04F79EFBC}") = "BookStore_WebAPI", "BookStore_WebAPI\BookStore_WebAPI.csproj", "{97FB3562-1C41-4096-9D31-C2A6D7017872}"
EndProject
Global
	GlobalSection(SolutionConfigurationPlatforms) = preSolution
		Debug|Any CPU = Debug|Any CPU
		Release|Any CPU = Release|Any CPU
	EndGlobalSection
	GlobalSection(ProjectConfigurationPlatforms) = postSolution
		{97FB3562-1C41-4096-9D31-C2A6D7017872}.Debug|Any CPU.ActiveCfg = Debug|Any CPU
		{97FB3562-1C41-4096-9D31-C2A6D7017872}.Debug|Any CPU.Build.0 = Debug|Any CPU
		{97FB3562-1C41-4096-9D31-C2A6D7017872}.Release|Any CPU.ActiveCfg = Release|Any CPU
		{97FB3562-1C41-4096-9D31-C2A6D7017872}.Release|Any CPU.Build.0 = Release|Any CPU
	EndGlobalSection
	GlobalSection(SolutionProperties) = preSolution
		HideSolutionNode = FALSE
	EndGlobalSection
	GlobalSection(ExtensibilityGlobals) = postSolution
		SolutionGuid = {B4566B28-9993-4FE1-8A4B-C357140FEBD2}
	EndGlobalSection
EndGlobal
